
Microsoft Visual Studio Solution File, Format Version 12.00
Project("{FAE04EC0-301F-11D3-BF4B-00C04F79EFBC}") = "GitActually", "GitActually\GitActually.csproj", "{E9524647-9D86-4418-9518-F4FECBA34BBE}"
EndProject
Global
	GlobalSection(SolutionConfigurationPlatforms) = preSolution
		Debug|Any CPU = Debug|Any CPU
		Release|Any CPU = Release|Any CPU
	EndGlobalSection
	GlobalSection(ProjectConfigurationPlatforms) = postSolution
		{E9524647-9D86-4418-9518-F4FECBA34BBE}.Debug|Any CPU.ActiveCfg = Debug|Any CPU
		{E9524647-9D86-4418-9518-F4FECBA34BBE}.Debug|Any CPU.Build.0 = Debug|Any CPU
		{E9524647-9D86-4418-9518-F4FECBA34BBE}.Release|Any CPU.ActiveCfg = Release|Any CPU
		{E9524647-9D86-4418-9518-F4FECBA34BBE}.Release|Any CPU.Build.0 = Release|Any CPU
	EndGlobalSection
EndGlobal
